{
  "version": 4,
  "terraform_version": "1.3.9",
  "serial": 26,
  "lineage": "ac165d0f-4547-8e69-23cd-617440d057c2",
  "outputs": {},
  "resources": [
    {
      "module": "module.dedicated-host",
      "mode": "managed",
      "type": "aws_ec2_host",
      "name": "this",
      "provider": "provider[\"registry.terraform.io/hashicorp/aws\"]",
      "instances": [
        {
          "schema_version": 0,
          "attributes": {
            "arn": "arn:aws:ec2:eu-central-1:471383005545:dedicated-host/h-0cb0a248241a99e33",
            "auto_placement": "on",
            "availability_zone": "eu-central-1a",
            "host_recovery": "off",
            "id": "h-0cb0a248241a99e33",
            "instance_family": "",
            "instance_type": "mac1.metal",
            "outpost_arn": "",
            "owner_id": "471383005545",
            "tags": {
              "Name": "Terraform Mac"
            },
            "tags_all": {
              "Name": "Terraform Mac"
            }
          },
          "sensitive_attributes": [],
          "private": "bnVsbA=="
        }
      ]
    }
  ],
  "check_results": null
}
